// !$*UTF8*$!
{
	archiveVersion = 1;
	classes = {
	};
	objectVersion = 55;
	objects = {

/* Begin PBXBuildFile section */
		69435A4328150F8400E2E393 /* AppDelegate.swift in Sources */ = {isa = PBXBuildFile; fileRef = 69435A4228150F8400E2E393 /* AppDelegate.swift */; };
		69435A4528150F8400E2E393 /* SceneDelegate.swift in Sources */ = {isa = PBXBuildFile; fileRef = 69435A4428150F8400E2E393 /* SceneDelegate.swift */; };
		69435A4728150F8400E2E393 /* ViewController.swift in Sources */ = {isa = PBXBuildFile; fileRef = 69435A4628150F8400E2E393 /* ViewController.swift */; };
		69435A4A28150F8400E2E393 /* Main.storyboard in Resources */ = {isa = PBXBuildFile; fileRef = 69435A4828150F8400E2E393 /* Main.storyboard */; };
		69435A4C28150F8500E2E393 /* Assets.xcassets in Resources */ = {isa = PBXBuildFile; fileRef = 69435A4B28150F8500E2E393 /* Assets.xcassets */; };
		69435A4F28150F8500E2E393 /* LaunchScreen.storyboard in Resources */ = {isa = PBXBuildFile; fileRef = 69435A4D28150F8500E2E393 /* LaunchScreen.storyboard */; };
		69435A5A28150F8600E2E393 /* CommonInputControlsTests.swift in Sources */ = {isa = PBXBuildFile; fileRef = 69435A5928150F8600E2E393 /* CommonInputControlsTests.swift */; };
		69435A6428150F8600E2E393 /* CommonInputControlsUITests.swift in Sources */ = {isa = PBXBuildFile; fileRef = 69435A6328150F8600E2E393 /* CommonInputControlsUITests.swift */; };
		69435A6628150F8600E2E393 /* CommonInputControlsUITestsLaunchTests.swift in Sources */ = {isa = PBXBuildFile; fileRef = 69435A6528150F8600E2E393 /* CommonInputControlsUITestsLaunchTests.swift */; };
/* End PBXBuildFile section */

/* Begin PBXContainerItemProxy section */
		69435A5628150F8600E2E393 /* PBXContainerItemProxy */ = {
			isa = PBXContainerItemProxy;
			containerPortal = 69435A3728150F8400E2E393 /* Project object */;
			proxyType = 1;
			remoteGlobalIDString = 69435A3E28150F8400E2E393;
			remoteInfo = CommonInputControls;
		};
		69435A6028150F8600E2E393 /* PBXContainerItemProxy */ = {
			isa = PBXContainerItemProxy;
			containerPortal = 69435A3728150F8400E2E393 /* Project object */;
			proxyType = 1;
			remoteGlobalIDString = 69435A3E28150F8400E2E393;
			remoteInfo = CommonInputControls;
		};
/* End PBXContainerItemProxy section */

/* Begin PBXFileReference section */
		69435A3F28150F8400E2E393 /* CommonInputControls.app */ = {isa = PBXFileReference; explicitFileType = wrapper.application; includeInIndex = 0; path = CommonInputControls.app; sourceTree = BUILT_PRODUCTS_DIR; };
		69435A4228150F8400E2E393 /* AppDelegate.swift */ = {isa = PBXFileReference; lastKnownFileType = sourcecode.swift; path = AppDelegate.swift; sourceTree = "<group>"; };
		69435A4428150F8400E2E393 /* SceneDelegate.swift */ = {isa = PBXFileReference; lastKnownFileType = sourcecode.swift; path = SceneDelegate.swift; sourceTree = "<group>"; };
		69435A4628150F8400E2E393 /* ViewController.swift */ = {isa = PBXFileReference; lastKnownFileType = sourcecode.swift; path = ViewController.swift; sourceTree = "<group>"; };
		69435A4928150F8400E2E393 /* Base */ = {isa = PBXFileReference; lastKnownFileType = file.storyboard; name = Base; path = Base.lproj/Main.storyboard; sourceTree = "<group>"; };
		69435A4B28150F8500E2E393 /* Assets.xcassets */ = {isa = PBXFileReference; lastKnownFileType = folder.assetcatalog; path = Assets.xcassets; sourceTree = "<group>"; };
		69435A4E28150F8500E2E393 /* Base */ = {isa = PBXFileReference; lastKnownFileType = file.storyboard; name = Base; path = Base.lproj/LaunchScreen.storyboard; sourceTree = "<group>"; };
		69435A5028150F8500E2E393 /* Info.plist */ = {isa = PBXFileReference; lastKnownFileType = text.plist.xml; path = Info.plist; sourceTree = "<group>"; };
		69435A5528150F8600E2E393 /* CommonInputControlsTests.xctest */ = {isa = PBXFileReference; explicitFileType = wrapper.cfbundle; includeInIndex = 0; path = CommonInputControlsTests.xctest; sourceTree = BUILT_PRODUCTS_DIR; };
		69435A5928150F8600E2E393 /* CommonInputControlsTests.swift */ = {isa = PBXFileReference; lastKnownFileType = sourcecode.swift; path = CommonInputControlsTests.swift; sourceTree = "<group>"; };
		69435A5F28150F8600E2E393 /* CommonInputControlsUITests.xctest */ = {isa = PBXFileReference; explicitFileType = wrapper.cfbundle; includeInIndex = 0; path = CommonInputControlsUITests.xctest; sourceTree = BUILT_PRODUCTS_DIR; };
		69435A6328150F8600E2E393 /* CommonInputControlsUITests.swift */ = {isa = PBXFileReference; lastKnownFileType = sourcecode.swift; path = CommonInputControlsUITests.swift; sourceTree = "<group>"; };
		69435A6528150F8600E2E393 /* CommonInputControlsUITestsLaunchTests.swift */ = {isa = PBXFileReference; lastKnownFileType = sourcecode.swift; path = CommonInputControlsUITestsLaunchTests.swift; sourceTree = "<group>"; };
/* End PBXFileReference section */

/* Begin PBXFrameworksBuildPhase section */
		69435A3C28150F8400E2E393 /* Frameworks */ = {
			isa = PBXFrameworksBuildPhase;
			buildActionMask = 2147483647;
			files = (
			);
			runOnlyForDeploymentPostprocessing = 0;
		};
		69435A5228150F8600E2E393 /* Frameworks */ = {
			isa = PBXFrameworksBuildPhase;
			buildActionMask = 2147483647;
			files = (
			);
			runOnlyForDeploymentPostprocessing = 0;
		};
		69435A5C28150F8600E2E393 /* Frameworks */ = {
			isa = PBXFrameworksBuildPhase;
			buildActionMask = 2147483647;
			files = (
			);
			runOnlyForDeploymentPostprocessing = 0;
		};
/* End PBXFrameworksBuildPhase section */

/* Begin PBXGroup section */
		69435A3628150F8400E2E393 = {
			isa = PBXGroup;
			children = (
				69435A4128150F8400E2E393 /* CommonInputControls */,
				69435A5828150F8600E2E393 /* CommonInputControlsTests */,
				69435A6228150F8600E2E393 /* CommonInputControlsUITests */,
				69435A4028150F8400E2E393 /* Products */,
			);
			sourceTree = "<group>";
		};
		69435A4028150F8400E2E393 /* Products */ = {
			isa = PBXGroup;
			children = (
				69435A3F28150F8400E2E393 /* CommonInputControls.app */,
				69435A5528150F8600E2E393 /* CommonInputControlsTests.xctest */,
				69435A5F28150F8600E2E393 /* CommonInputControlsUITests.xctest */,
			);
			name = Products;
			sourceTree = "<group>";
		};
		69435A4128150F8400E2E393 /* CommonInputControls */ = {
			isa = PBXGroup;
			children = (
				69435A4228150F8400E2E393 /* AppDelegate.swift */,
				69435A4428150F8400E2E393 /* SceneDelegate.swift */,
				69435A4628150F8400E2E393 /* ViewController.swift */,
				69435A4828150F8400E2E393 /* Main.storyboard */,
				69435A4B28150F8500E2E393 /* Assets.xcassets */,
				69435A4D28150F8500E2E393 /* LaunchScreen.storyboard */,
				69435A5028150F8500E2E393 /* Info.plist */,
			);
			path = CommonInputControls;
			sourceTree = "<group>";
		};
		69435A5828150F8600E2E393 /* CommonInputControlsTests */ = {
			isa = PBXGroup;
			children = (
				69435A5928150F8600E2E393 /* CommonInputControlsTests.swift */,
			);
			path = CommonInputControlsTests;
			sourceTree = "<group>";
		};
		69435A6228150F8600E2E393 /* CommonInputControlsUITests */ = {
			isa = PBXGroup;
			children = (
				69435A6328150F8600E2E393 /* CommonInputControlsUITests.swift */,
				69435A6528150F8600E2E393 /* CommonInputControlsUITestsLaunchTests.swift */,
			);
			path = CommonInputControlsUITests;
			sourceTree = "<group>";
		};
/* End PBXGroup section */

/* Begin PBXNativeTarget section */
		69435A3E28150F8400E2E393 /* CommonInputControls */ = {
			isa = PBXNativeTarget;
			buildConfigurationList = 69435A6928150F8600E2E393 /* Build configuration list for PBXNativeTarget "CommonInputControls" */;
			buildPhases = (
				69435A3B28150F8400E2E393 /* Sources */,
				69435A3C28150F8400E2E393 /* Frameworks */,
				69435A3D28150F8400E2E393 /* Resources */,
			);
			buildRules = (
			);
			dependencies = (
			);
			name = CommonInputControls;
			productName = CommonInputControls;
			productReference = 69435A3F28150F8400E2E393 /* CommonInputControls.app */;
			productType = "com.apple.product-type.application";
		};
		69435A5428150F8600E2E393 /* CommonInputControlsTests */ = {
			isa = PBXNativeTarget;
			buildConfigurationList = 69435A6C28150F8600E2E393 /* Build configuration list for PBXNativeTarget "CommonInputControlsTests" */;
			buildPhases = (
				69435A5128150F8600E2E393 /* Sources */,
				69435A5228150F8600E2E393 /* Frameworks */,
				69435A5328150F8600E2E393 /* Resources */,
			);
			buildRules = (
			);
			dependencies = (
				69435A5728150F8600E2E393 /* PBXTargetDependency */,
			);
			name = CommonInputControlsTests;
			productName = CommonInputControlsTests;
			productReference = 69435A5528150F8600E2E393 /* CommonInputControlsTests.xctest */;
			productType = "com.apple.product-type.bundle.unit-test";
		};
		69435A5E28150F8600E2E393 /* CommonInputControlsUITests */ = {
			isa = PBXNativeTarget;
			buildConfigurationList = 69435A6F28150F8600E2E393 /* Build configuration list for PBXNativeTarget "CommonInputControlsUITests" */;
			buildPhases = (
				69435A5B28150F8600E2E393 /* Sources */,
				69435A5C28150F8600E2E393 /* Frameworks */,
				69435A5D28150F8600E2E393 /* Resources */,
			);
			buildRules = (
			);
			dependencies = (
				69435A6128150F8600E2E393 /* PBXTargetDependency */,
			);
			name = CommonInputControlsUITests;
			productName = CommonInputControlsUITests;
			productReference = 69435A5F28150F8600E2E393 /* CommonInputControlsUITests.xctest */;
			productType = "com.apple.product-type.bundle.ui-testing";
		};
/* End PBXNativeTarget section */

/* Begin PBXProject section */
		69435A3728150F8400E2E393 /* Project object */ = {
			isa = PBXProject;
			attributes = {
				BuildIndependentTargetsInParallel = 1;
				LastSwiftUpdateCheck = 1330;
				LastUpgradeCheck = 1330;
				TargetAttributes = {
					69435A3E28150F8400E2E393 = {
						CreatedOnToolsVersion = 13.3.1;
					};
					69435A5428150F8600E2E393 = {
						CreatedOnToolsVersion = 13.3.1;
						TestTargetID = 69435A3E28150F8400E2E393;
					};
					69435A5E28150F8600E2E393 = {
						CreatedOnToolsVersion = 13.3.1;
						TestTargetID = 69435A3E28150F8400E2E393;
					};
				};
			};
			buildConfigurationList = 69435A3A28150F8400E2E393 /* Build configuration list for PBXProject "CommonInputControls" */;
			compatibilityVersion = "Xcode 13.0";
			developmentRegion = en;
			hasScannedForEncodings = 0;
			knownRegions = (
				en,
				Base,
			);
			mainGroup = 69435A3628150F8400E2E393;
			productRefGroup = 69435A4028150F8400E2E393 /* Products */;
			projectDirPath = "";
			projectRoot = "";
			targets = (
				69435A3E28150F8400E2E393 /* CommonInputControls */,
				69435A5428150F8600E2E393 /* CommonInputControlsTests */,
				69435A5E28150F8600E2E393 /* CommonInputControlsUITests */,
			);
		};
/* End PBXProject section */

/* Begin PBXResourcesBuildPhase section */
		69435A3D28150F8400E2E393 /* Resources */ = {
			isa = PBXResourcesBuildPhase;
			buildActionMask = 2147483647;
			files = (
				69435A4F28150F8500E2E393 /* LaunchScreen.storyboard in Resources */,
				69435A4C28150F8500E2E393 /* Assets.xcassets in Resources */,
				69435A4A28150F8400E2E393 /* Main.storyboard in Resources */,
			);
			runOnlyForDeploymentPostprocessing = 0;
		};
		69435A5328150F8600E2E393 /* Resources */ = {
			isa = PBXResourcesBuildPhase;
			buildActionMask = 2147483647;
			files = (
			);
			runOnlyForDeploymentPostprocessing = 0;
		};
		69435A5D28150F8600E2E393 /* Resources */ = {
			isa = PBXResourcesBuildPhase;
			buildActionMask = 2147483647;
			files = (
			);
			runOnlyForDeploymentPostprocessing = 0;
		};
/* End PBXResourcesBuildPhase section */

/* Begin PBXSourcesBuildPhase section */
		69435A3B28150F8400E2E393 /* Sources */ = {
			isa = PBXSourcesBuildPhase;
			buildActionMask = 2147483647;
			files = (
				69435A4728150F8400E2E393 /* ViewController.swift in Sources */,
				69435A4328150F8400E2E393 /* AppDelegate.swift in Sources */,
				69435A4528150F8400E2E393 /* SceneDelegate.swift in Sources */,
			);
			runOnlyForDeploymentPostprocessing = 0;
		};
		69435A5128150F8600E2E393 /* Sources */ = {
			isa = PBXSourcesBuildPhase;
			buildActionMask = 2147483647;
			files = (
				69435A5A28150F8600E2E393 /* CommonInputControlsTests.swift in Sources */,
			);
			runOnlyForDeploymentPostprocessing = 0;
		};
		69435A5B28150F8600E2E393 /* Sources */ = {
			isa = PBXSourcesBuildPhase;
			buildActionMask = 2147483647;
			files = (
				69435A6628150F8600E2E393 /* CommonInputControlsUITestsLaunchTests.swift in Sources */,
				69435A6428150F8600E2E393 /* CommonInputControlsUITests.swift in Sources */,
			);
			runOnlyForDeploymentPostprocessing = 0;
		};
/* End PBXSourcesBuildPhase section */

/* Begin PBXTargetDependency section */
		69435A5728150F8600E2E393 /* PBXTargetDependency */ = {
			isa = PBXTargetDependency;
			target = 69435A3E28150F8400E2E393 /* CommonInputControls */;
			targetProxy = 69435A5628150F8600E2E393 /* PBXContainerItemProxy */;
		};
		69435A6128150F8600E2E393 /* PBXTargetDependency */ = {
			isa = PBXTargetDependency;
			target = 69435A3E28150F8400E2E393 /* CommonInputControls */;
			targetProxy = 69435A6028150F8600E2E393 /* PBXContainerItemProxy */;
		};
/* End PBXTargetDependency section */

/* Begin PBXVariantGroup section */
		69435A4828150F8400E2E393 /* Main.storyboard */ = {
			isa = PBXVariantGroup;
			children = (
				69435A4928150F8400E2E393 /* Base */,
			);
			name = Main.storyboard;
			sourceTree = "<group>";
		};
		69435A4D28150F8500E2E393 /* LaunchScreen.storyboard */ = {
			isa = PBXVariantGroup;
			children = (
				69435A4E28150F8500E2E393 /* Base */,
			);
			name = LaunchScreen.storyboard;
			sourceTree = "<group>";
		};
/* End PBXVariantGroup section */

/* Begin XCBuildConfiguration section */
		69435A6728150F8600E2E393 /* Debug */ = {
			isa = XCBuildConfiguration;
			buildSettings = {
				ALWAYS_SEARCH_USER_PATHS = NO;
				CLANG_ANALYZER_NONNULL = YES;
				CLANG_ANALYZER_NUMBER_OBJECT_CONVERSION = YES_AGGRESSIVE;
				CLANG_CXX_LANGUAGE_STANDARD = "gnu++17";
				CLANG_ENABLE_MODULES = YES;
				CLANG_ENABLE_OBJC_ARC = YES;
				CLANG_ENABLE_OBJC_WEAK = YES;
				CLANG_WARN_BLOCK_CAPTURE_AUTORELEASING = YES;
				CLANG_WARN_BOOL_CONVERSION = YES;
				CLANG_WARN_COMMA = YES;
				CLANG_WARN_CONSTANT_CONVERSION = YES;
				CLANG_WARN_DEPRECATED_OBJC_IMPLEMENTATIONS = YES;
				CLANG_WARN_DIRECT_OBJC_ISA_USAGE = YES_ERROR;
				CLANG_WARN_DOCUMENTATION_COMMENTS = YES;
				CLANG_WARN_EMPTY_BODY = YES;
				CLANG_WARN_ENUM_CONVERSION = YES;
				CLANG_WARN_INFINITE_RECURSION = YES;
				CLANG_WARN_INT_CONVERSION = YES;
				CLANG_WARN_NON_LITERAL_NULL_CONVERSION = YES;
				CLANG_WARN_OBJC_IMPLICIT_RETAIN_SELF = YES;
				CLANG_WARN_OBJC_LITERAL_CONVERSION = YES;
				CLANG_WARN_OBJC_ROOT_CLASS = YES_ERROR;
				CLANG_WARN_QUOTED_INCLUDE_IN_FRAMEWORK_HEADER = YES;
				CLANG_WARN_RANGE_LOOP_ANALYSIS = YES;
				CLANG_WARN_STRICT_PROTOTYPES = YES;
				CLANG_WARN_SUSPICIOUS_MOVE = YES;
				CLANG_WARN_UNGUARDED_AVAILABILITY = YES_AGGRESSIVE;
				CLANG_WARN_UNREACHABLE_CODE = YES;
				CLANG_WARN__DUPLICATE_METHOD_MATCH = YES;
				COPY_PHASE_STRIP = NO;
				DEBUG_INFORMATION_FORMAT = dwarf;
				ENABLE_STRICT_OBJC_MSGSEND = YES;
				ENABLE_TESTABILITY = YES;
				GCC_C_LANGUAGE_STANDARD = gnu11;
				GCC_DYNAMIC_NO_PIC = NO;
				GCC_NO_COMMON_BLOCKS = YES;
				GCC_OPTIMIZATION_LEVEL = 0;
				GCC_PREPROCESSOR_DEFINITIONS = (
					"DEBUG=1",
					"$(inherited)",
				);
				GCC_WARN_64_TO_32_BIT_CONVERSION = YES;
				GCC_WARN_ABOUT_RETURN_TYPE = YES_ERROR;
				GCC_WARN_UNDECLARED_SELECTOR = YES;
				GCC_WARN_UNINITIALIZED_AUTOS = YES_AGGRESSIVE;
				GCC_WARN_UNUSED_FUNCTION = YES;
				GCC_WARN_UNUSED_VARIABLE = YES;
				IPHONEOS_DEPLOYMENT_TARGET = 15.4;
				MTL_ENABLE_DEBUG_INFO = INCLUDE_SOURCE;
				MTL_FAST_MATH = YES;
				ONLY_ACTIVE_ARCH = YES;
				SDKROOT = iphoneos;
				SWIFT_ACTIVE_COMPILATION_CONDITIONS = DEBUG;
				SWIFT_OPTIMIZATION_LEVEL = "-Onone";
			};
			name = Debug;
		};
		69435A6828150F8600E2E393 /* Release */ = {
			isa = XCBuildConfiguration;
			buildSettings = {
				ALWAYS_SEARCH_USER_PATHS = NO;
				CLANG_ANALYZER_NONNULL = YES;
				CLANG_ANALYZER_NUMBER_OBJECT_CONVERSION = YES_AGGRESSIVE;
				CLANG_CXX_LANGUAGE_STANDARD = "gnu++17";
				CLANG_ENABLE_MODULES = YES;
				CLANG_ENABLE_OBJC_ARC = YES;
				CLANG_ENABLE_OBJC_WEAK = YES;
				CLANG_WARN_BLOCK_CAPTURE_AUTORELEASING = YES;
				CLANG_WARN_BOOL_CONVERSION = YES;
				CLANG_WARN_COMMA = YES;
				CLANG_WARN_CONSTANT_CONVERSION = YES;
				CLANG_WARN_DEPRECATED_OBJC_IMPLEMENTATIONS = YES;
				CLANG_WARN_DIRECT_OBJC_ISA_USAGE = YES_ERROR;
				CLANG_WARN_DOCUMENTATION_COMMENTS = YES;
				CLANG_WARN_EMPTY_BODY = YES;
				CLANG_WARN_ENUM_CONVERSION = YES;
				CLANG_WARN_INFINITE_RECURSION = YES;
				CLANG_WARN_INT_CONVERSION = YES;
				CLANG_WARN_NON_LITERAL_NULL_CONVERSION = YES;
				CLANG_WARN_OBJC_IMPLICIT_RETAIN_SELF = YES;
				CLANG_WARN_OBJC_LITERAL_CONVERSION = YES;
				CLANG_WARN_OBJC_ROOT_CLASS = YES_ERROR;
				CLANG_WARN_QUOTED_INCLUDE_IN_FRAMEWORK_HEADER = YES;
				CLANG_WARN_RANGE_LOOP_ANALYSIS = YES;
				CLANG_WARN_STRICT_PROTOTYPES = YES;
				CLANG_WARN_SUSPICIOUS_MOVE = YES;
				CLANG_WARN_UNGUARDED_AVAILABILITY = YES_AGGRESSIVE;
				CLANG_WARN_UNREACHABLE_CODE = YES;
				CLANG_WARN__DUPLICATE_METHOD_MATCH = YES;
				COPY_PHASE_STRIP = NO;
				DEBUG_INFORMATION_FORMAT = "dwarf-with-dsym";
				ENABLE_NS_ASSERTIONS = NO;
				ENABLE_STRICT_OBJC_MSGSEND = YES;
				GCC_C_LANGUAGE_STANDARD = gnu11;
				GCC_NO_COMMON_BLOCKS = YES;
				GCC_WARN_64_TO_32_BIT_CONVERSION = YES;
				GCC_WARN_ABOUT_RETURN_TYPE = YES_ERROR;
				GCC_WARN_UNDECLARED_SELECTOR = YES;
				GCC_WARN_UNINITIALIZED_AUTOS = YES_AGGRESSIVE;
				GCC_WARN_UNUSED_FUNCTION = YES;
				GCC_WARN_UNUSED_VARIABLE = YES;
				IPHONEOS_DEPLOYMENT_TARGET = 15.4;
				MTL_ENABLE_DEBUG_INFO = NO;
				MTL_FAST_MATH = YES;
				SDKROOT = iphoneos;
				SWIFT_COMPILATION_MODE = wholemodule;
				SWIFT_OPTIMIZATION_LEVEL = "-O";
				VALIDATE_PRODUCT = YES;
			};
			name = Release;
		};
		69435A6A28150F8600E2E393 /* Debug */ = {
			isa = XCBuildConfiguration;
			buildSettings = {
				ASSETCATALOG_COMPILER_APPICON_NAME = AppIcon;
				ASSETCATALOG_COMPILER_GLOBAL_ACCENT_COLOR_NAME = AccentColor;
				CODE_SIGN_STYLE = Automatic;
				CURRENT_PROJECT_VERSION = 1;
				DEVELOPMENT_TEAM = 3486SM5N55;
				GENERATE_INFOPLIST_FILE = YES;
				INFOPLIST_FILE = CommonInputControls/Info.plist;
				INFOPLIST_KEY_UIApplicationSupportsIndirectInputEvents = YES;
				INFOPLIST_KEY_UILaunchStoryboardName = LaunchScreen;
				INFOPLIST_KEY_UIMainStoryboardFile = Main;
				INFOPLIST_KEY_UISupportedInterfaceOrientations_iPad = "UIInterfaceOrientationPortrait UIInterfaceOrientationPortraitUpsideDown UIInterfaceOrientationLandscapeLeft UIInterfaceOrientationLandscapeRight";
				INFOPLIST_KEY_UISupportedInterfaceOrientations_iPhone = "UIInterfaceOrientationPortrait UIInterfaceOrientationLandscapeLeft UIInterfaceOrientationLandscapeRight";
				LD_RUNPATH_SEARCH_PATHS = (
					"$(inherited)",
					"@executable_path/Frameworks",
				);
				MARKETING_VERSION = 1.0;
				PRODUCT_BUNDLE_IDENTIFIER = Training.CommonInputControls;
				PRODUCT_NAME = "$(TARGET_NAME)";
				SWIFT_EMIT_LOC_STRINGS = YES;
				SWIFT_VERSION = 5.0;
				TARGETED_DEVICE_FAMILY = "1,2";
			};
			name = Debug;
		};
		69435A6B28150F8600E2E393 /* Release */ = {
			isa = XCBuildConfiguration;
			buildSettings = {
				ASSETCATALOG_COMPILER_APPICON_NAME = AppIcon;
				ASSETCATALOG_COMPILER_GLOBAL_ACCENT_COLOR_NAME = AccentColor;
				CODE_SIGN_STYLE = Automatic;
				CURRENT_PROJECT_VERSION = 1;
				DEVELOPMENT_TEAM = 3486SM5N55;
				GENERATE_INFOPLIST_FILE = YES;
				INFOPLIST_FILE = CommonInputControls/Info.plist;
				INFOPLIST_KEY_UIApplicationSupportsIndirectInputEvents = YES;
				INFOPLIST_KEY_UILaunchStoryboardName = LaunchScreen;
				INFOPLIST_KEY_UIMainStoryboardFile = Main;
				INFOPLIST_KEY_UISupportedInterfaceOrientations_iPad = "UIInterfaceOrientationPortrait UIInterfaceOrientationPortraitUpsideDown UIInterfaceOrientationLandscapeLeft UIInterfaceOrientationLandscapeRight";
				INFOPLIST_KEY_UISupportedInterfaceOrientations_iPhone = "UIInterfaceOrientationPortrait UIInterfaceOrientationLandscapeLeft UIInterfaceOrientationLandscapeRight";
				LD_RUNPATH_SEARCH_PATHS = (
					"$(inherited)",
					"@executable_path/Frameworks",
				);
				MARKETING_VERSION = 1.0;
				PRODUCT_BUNDLE_IDENTIFIER = Training.CommonInputControls;
				PRODUCT_NAME = "$(TARGET_NAME)";
				SWIFT_EMIT_LOC_STRINGS = YES;
				SWIFT_VERSION = 5.0;
				TARGETED_DEVICE_FAMILY = "1,2";
			};
			name = Release;
		};
		69435A6D28150F8600E2E393 /* Debug */ = {
			isa = XCBuildConfiguration;
			buildSettings = {
				ALWAYS_EMBED_SWIFT_STANDARD_LIBRARIES = YES;
				BUNDLE_LOADER = "$(TEST_HOST)";
				CODE_SIGN_STYLE = Automatic;
				CURRENT_PROJECT_VERSION = 1;
				DEVELOPMENT_TEAM = 3486SM5N55;
				GENERATE_INFOPLIST_FILE = YES;
				IPHONEOS_DEPLOYMENT_TARGET = 15.4;
				MARKETING_VERSION = 1.0;
				PRODUCT_BUNDLE_IDENTIFIER = Training.CommonInputControlsTests;
				PRODUCT_NAME = "$(TARGET_NAME)";
				SWIFT_EMIT_LOC_STRINGS = NO;
				SWIFT_VERSION = 5.0;
				TARGETED_DEVICE_FAMILY = "1,2";
				TEST_HOST = "$(BUILT_PRODUCTS_DIR)/CommonInputControls.app/CommonInputControls";
			};
			name = Debug;
		};
		69435A6E28150F8600E2E393 /* Release */ = {
			isa = XCBuildConfiguration;
			buildSettings = {
				ALWAYS_EMBED_SWIFT_STANDARD_LIBRARIES = YES;
				BUNDLE_LOADER = "$(TEST_HOST)";
				CODE_SIGN_STYLE = Automatic;
				CURRENT_PROJECT_VERSION = 1;
				DEVELOPMENT_TEAM = 3486SM5N55;
				GENERATE_INFOPLIST_FILE = YES;
				IPHONEOS_DEPLOYMENT_TARGET = 15.4;
				MARKETING_VERSION = 1.0;
				PRODUCT_BUNDLE_IDENTIFIER = Training.CommonInputControlsTests;
				PRODUCT_NAME = "$(TARGET_NAME)";
				SWIFT_EMIT_LOC_STRINGS = NO;
				SWIFT_VERSION = 5.0;
				TARGETED_DEVICE_FAMILY = "1,2";
				TEST_HOST = "$(BUILT_PRODUCTS_DIR)/CommonInputControls.app/CommonInputControls";
			};
			name = Release;
		};
		69435A7028150F8600E2E393 /* Debug */ = {
			isa = XCBuildConfiguration;
			buildSettings = {
				ALWAYS_EMBED_SWIFT_STANDARD_LIBRARIES = YES;
				CODE_SIGN_STYLE = Automatic;
				CURRENT_PROJECT_VERSION = 1;
				DEVELOPMENT_TEAM = 3486SM5N55;
				GENERATE_INFOPLIST_FILE = YES;
				MARKETING_VERSION = 1.0;
				PRODUCT_BUNDLE_IDENTIFIER = Training.CommonInputControlsUITests;
				PRODUCT_NAME = "$(TARGET_NAME)";
				SWIFT_EMIT_LOC_STRINGS = NO;
				SWIFT_VERSION = 5.0;
				TARGETED_DEVICE_FAMILY = "1,2";
				TEST_TARGET_NAME = CommonInputControls;
			};
			name = Debug;
		};
		69435A7128150F8600E2E393 /* Release */ = {
			isa = XCBuildConfiguration;
			buildSettings = {
				ALWAYS_EMBED_SWIFT_STANDARD_LIBRARIES = YES;
				CODE_SIGN_STYLE = Automatic;
				CURRENT_PROJECT_VERSION = 1;
				DEVELOPMENT_TEAM = 3486SM5N55;
				GENERATE_INFOPLIST_FILE = YES;
				MARKETING_VERSION = 1.0;
				PRODUCT_BUNDLE_IDENTIFIER = Training.CommonInputControlsUITests;
				PRODUCT_NAME = "$(TARGET_NAME)";
				SWIFT_EMIT_LOC_STRINGS = NO;
				SWIFT_VERSION = 5.0;
				TARGETED_DEVICE_FAMILY = "1,2";
				TEST_TARGET_NAME = CommonInputControls;
			};
			name = Release;
		};
/* End XCBuildConfiguration section */

/* Begin XCConfigurationList section */
		69435A3A28150F8400E2E393 /* Build configuration list for PBXProject "CommonInputControls" */ = {
			isa = XCConfigurationList;
			buildConfigurations = (
				69435A6728150F8600E2E393 /* Debug */,
				69435A6828150F8600E2E393 /* Release */,
			);
			defaultConfigurationIsVisible = 0;
			defaultConfigurationName = Release;
		};
		69435A6928150F8600E2E393 /* Build configuration list for PBXNativeTarget "CommonInputControls" */ = {
			isa = XCConfigurationList;
			buildConfigurations = (
				69435A6A28150F8600E2E393 /* Debug */,
				69435A6B28150F8600E2E393 /* Release */,
			);
			defaultConfigurationIsVisible = 0;
			defaultConfigurationName = Release;
		};
		69435A6C28150F8600E2E393 /* Build configuration list for PBXNativeTarget "CommonInputControlsTests" */ = {
			isa = XCConfigurationList;
			buildConfigurations = (
				69435A6D28150F8600E2E393 /* Debug */,
				69435A6E28150F8600E2E393 /* Release */,
			);
			defaultConfigurationIsVisible = 0;
			defaultConfigurationName = Release;
		};
		69435A6F28150F8600E2E393 /* Build configuration list for PBXNativeTarget "CommonInputControlsUITests" */ = {
			isa = XCConfigurationList;
			buildConfigurations = (
				69435A7028150F8600E2E393 /* Debug */,
				69435A7128150F8600E2E393 /* Release */,
			);
			defaultConfigurationIsVisible = 0;
			defaultConfigurationName = Release;
		};
/* End XCConfigurationList section */
	};
	rootObject = 69435A3728150F8400E2E393 /* Project object */;
}
