// !$*UTF8*$!
{
	archiveVersion = 1;
	classes = {
	};
	objectVersion = 55;
	objects = {

/* Begin PBXBuildFile section */
		6991B76027FFE798007A22DE /* AppDelegate.swift in Sources */ = {isa = PBXBuildFile; fileRef = 6991B75F27FFE798007A22DE /* AppDelegate.swift */; };
		6991B76227FFE798007A22DE /* SceneDelegate.swift in Sources */ = {isa = PBXBuildFile; fileRef = 6991B76127FFE798007A22DE /* SceneDelegate.swift */; };
		6991B76427FFE798007A22DE /* ViewController.swift in Sources */ = {isa = PBXBuildFile; fileRef = 6991B76327FFE798007A22DE /* ViewController.swift */; };
		6991B76727FFE798007A22DE /* Main.storyboard in Resources */ = {isa = PBXBuildFile; fileRef = 6991B76527FFE798007A22DE /* Main.storyboard */; };
		6991B76927FFE799007A22DE /* Assets.xcassets in Resources */ = {isa = PBXBuildFile; fileRef = 6991B76827FFE799007A22DE /* Assets.xcassets */; };
		6991B76C27FFE799007A22DE /* LaunchScreen.storyboard in Resources */ = {isa = PBXBuildFile; fileRef = 6991B76A27FFE799007A22DE /* LaunchScreen.storyboard */; };
		6991B77727FFE799007A22DE /* InterfaceBuilderBasicsTests.swift in Sources */ = {isa = PBXBuildFile; fileRef = 6991B77627FFE799007A22DE /* InterfaceBuilderBasicsTests.swift */; };
		6991B78127FFE799007A22DE /* InterfaceBuilderBasicsUITests.swift in Sources */ = {isa = PBXBuildFile; fileRef = 6991B78027FFE799007A22DE /* InterfaceBuilderBasicsUITests.swift */; };
		6991B78327FFE799007A22DE /* InterfaceBuilderBasicsUITestsLaunchTests.swift in Sources */ = {isa = PBXBuildFile; fileRef = 6991B78227FFE799007A22DE /* InterfaceBuilderBasicsUITestsLaunchTests.swift */; };
/* End PBXBuildFile section */

/* Begin PBXContainerItemProxy section */
		6991B77327FFE799007A22DE /* PBXContainerItemProxy */ = {
			isa = PBXContainerItemProxy;
			containerPortal = 6991B75427FFE798007A22DE /* Project object */;
			proxyType = 1;
			remoteGlobalIDString = 6991B75B27FFE798007A22DE;
			remoteInfo = InterfaceBuilderBasics;
		};
		6991B77D27FFE799007A22DE /* PBXContainerItemProxy */ = {
			isa = PBXContainerItemProxy;
			containerPortal = 6991B75427FFE798007A22DE /* Project object */;
			proxyType = 1;
			remoteGlobalIDString = 6991B75B27FFE798007A22DE;
			remoteInfo = InterfaceBuilderBasics;
		};
/* End PBXContainerItemProxy section */

/* Begin PBXFileReference section */
		6991B75C27FFE798007A22DE /* InterfaceBuilderBasics.app */ = {isa = PBXFileReference; explicitFileType = wrapper.application; includeInIndex = 0; path = InterfaceBuilderBasics.app; sourceTree = BUILT_PRODUCTS_DIR; };
		6991B75F27FFE798007A22DE /* AppDelegate.swift */ = {isa = PBXFileReference; lastKnownFileType = sourcecode.swift; path = AppDelegate.swift; sourceTree = "<group>"; };
		6991B76127FFE798007A22DE /* SceneDelegate.swift */ = {isa = PBXFileReference; lastKnownFileType = sourcecode.swift; path = SceneDelegate.swift; sourceTree = "<group>"; };
		6991B76327FFE798007A22DE /* ViewController.swift */ = {isa = PBXFileReference; lastKnownFileType = sourcecode.swift; path = ViewController.swift; sourceTree = "<group>"; };
		6991B76627FFE798007A22DE /* Base */ = {isa = PBXFileReference; lastKnownFileType = file.storyboard; name = Base; path = Base.lproj/Main.storyboard; sourceTree = "<group>"; };
		6991B76827FFE799007A22DE /* Assets.xcassets */ = {isa = PBXFileReference; lastKnownFileType = folder.assetcatalog; path = Assets.xcassets; sourceTree = "<group>"; };
		6991B76B27FFE799007A22DE /* Base */ = {isa = PBXFileReference; lastKnownFileType = file.storyboard; name = Base; path = Base.lproj/LaunchScreen.storyboard; sourceTree = "<group>"; };
		6991B76D27FFE799007A22DE /* Info.plist */ = {isa = PBXFileReference; lastKnownFileType = text.plist.xml; path = Info.plist; sourceTree = "<group>"; };
		6991B77227FFE799007A22DE /* InterfaceBuilderBasicsTests.xctest */ = {isa = PBXFileReference; explicitFileType = wrapper.cfbundle; includeInIndex = 0; path = InterfaceBuilderBasicsTests.xctest; sourceTree = BUILT_PRODUCTS_DIR; };
		6991B77627FFE799007A22DE /* InterfaceBuilderBasicsTests.swift */ = {isa = PBXFileReference; lastKnownFileType = sourcecode.swift; path = InterfaceBuilderBasicsTests.swift; sourceTree = "<group>"; };
		6991B77C27FFE799007A22DE /* InterfaceBuilderBasicsUITests.xctest */ = {isa = PBXFileReference; explicitFileType = wrapper.cfbundle; includeInIndex = 0; path = InterfaceBuilderBasicsUITests.xctest; sourceTree = BUILT_PRODUCTS_DIR; };
		6991B78027FFE799007A22DE /* InterfaceBuilderBasicsUITests.swift */ = {isa = PBXFileReference; lastKnownFileType = sourcecode.swift; path = InterfaceBuilderBasicsUITests.swift; sourceTree = "<group>"; };
		6991B78227FFE799007A22DE /* InterfaceBuilderBasicsUITestsLaunchTests.swift */ = {isa = PBXFileReference; lastKnownFileType = sourcecode.swift; path = InterfaceBuilderBasicsUITestsLaunchTests.swift; sourceTree = "<group>"; };
/* End PBXFileReference section */

/* Begin PBXFrameworksBuildPhase section */
		6991B75927FFE798007A22DE /* Frameworks */ = {
			isa = PBXFrameworksBuildPhase;
			buildActionMask = 2147483647;
			files = (
			);
			runOnlyForDeploymentPostprocessing = 0;
		};
		6991B76F27FFE799007A22DE /* Frameworks */ = {
			isa = PBXFrameworksBuildPhase;
			buildActionMask = 2147483647;
			files = (
			);
			runOnlyForDeploymentPostprocessing = 0;
		};
		6991B77927FFE799007A22DE /* Frameworks */ = {
			isa = PBXFrameworksBuildPhase;
			buildActionMask = 2147483647;
			files = (
			);
			runOnlyForDeploymentPostprocessing = 0;
		};
/* End PBXFrameworksBuildPhase section */

/* Begin PBXGroup section */
		6991B75327FFE798007A22DE = {
			isa = PBXGroup;
			children = (
				6991B75E27FFE798007A22DE /* InterfaceBuilderBasics */,
				6991B77527FFE799007A22DE /* InterfaceBuilderBasicsTests */,
				6991B77F27FFE799007A22DE /* InterfaceBuilderBasicsUITests */,
				6991B75D27FFE798007A22DE /* Products */,
			);
			sourceTree = "<group>";
		};
		6991B75D27FFE798007A22DE /* Products */ = {
			isa = PBXGroup;
			children = (
				6991B75C27FFE798007A22DE /* InterfaceBuilderBasics.app */,
				6991B77227FFE799007A22DE /* InterfaceBuilderBasicsTests.xctest */,
				6991B77C27FFE799007A22DE /* InterfaceBuilderBasicsUITests.xctest */,
			);
			name = Products;
			sourceTree = "<group>";
		};
		6991B75E27FFE798007A22DE /* InterfaceBuilderBasics */ = {
			isa = PBXGroup;
			children = (
				6991B75F27FFE798007A22DE /* AppDelegate.swift */,
				6991B76127FFE798007A22DE /* SceneDelegate.swift */,
				6991B76327FFE798007A22DE /* ViewController.swift */,
				6991B76527FFE798007A22DE /* Main.storyboard */,
				6991B76827FFE799007A22DE /* Assets.xcassets */,
				6991B76A27FFE799007A22DE /* LaunchScreen.storyboard */,
				6991B76D27FFE799007A22DE /* Info.plist */,
			);
			path = InterfaceBuilderBasics;
			sourceTree = "<group>";
		};
		6991B77527FFE799007A22DE /* InterfaceBuilderBasicsTests */ = {
			isa = PBXGroup;
			children = (
				6991B77627FFE799007A22DE /* InterfaceBuilderBasicsTests.swift */,
			);
			path = InterfaceBuilderBasicsTests;
			sourceTree = "<group>";
		};
		6991B77F27FFE799007A22DE /* InterfaceBuilderBasicsUITests */ = {
			isa = PBXGroup;
			children = (
				6991B78027FFE799007A22DE /* InterfaceBuilderBasicsUITests.swift */,
				6991B78227FFE799007A22DE /* InterfaceBuilderBasicsUITestsLaunchTests.swift */,
			);
			path = InterfaceBuilderBasicsUITests;
			sourceTree = "<group>";
		};
/* End PBXGroup section */

/* Begin PBXNativeTarget section */
		6991B75B27FFE798007A22DE /* InterfaceBuilderBasics */ = {
			isa = PBXNativeTarget;
			buildConfigurationList = 6991B78627FFE799007A22DE /* Build configuration list for PBXNativeTarget "InterfaceBuilderBasics" */;
			buildPhases = (
				6991B75827FFE798007A22DE /* Sources */,
				6991B75927FFE798007A22DE /* Frameworks */,
				6991B75A27FFE798007A22DE /* Resources */,
			);
			buildRules = (
			);
			dependencies = (
			);
			name = InterfaceBuilderBasics;
			productName = InterfaceBuilderBasics;
			productReference = 6991B75C27FFE798007A22DE /* InterfaceBuilderBasics.app */;
			productType = "com.apple.product-type.application";
		};
		6991B77127FFE799007A22DE /* InterfaceBuilderBasicsTests */ = {
			isa = PBXNativeTarget;
			buildConfigurationList = 6991B78927FFE799007A22DE /* Build configuration list for PBXNativeTarget "InterfaceBuilderBasicsTests" */;
			buildPhases = (
				6991B76E27FFE799007A22DE /* Sources */,
				6991B76F27FFE799007A22DE /* Frameworks */,
				6991B77027FFE799007A22DE /* Resources */,
			);
			buildRules = (
			);
			dependencies = (
				6991B77427FFE799007A22DE /* PBXTargetDependency */,
			);
			name = InterfaceBuilderBasicsTests;
			productName = InterfaceBuilderBasicsTests;
			productReference = 6991B77227FFE799007A22DE /* InterfaceBuilderBasicsTests.xctest */;
			productType = "com.apple.product-type.bundle.unit-test";
		};
		6991B77B27FFE799007A22DE /* InterfaceBuilderBasicsUITests */ = {
			isa = PBXNativeTarget;
			buildConfigurationList = 6991B78C27FFE799007A22DE /* Build configuration list for PBXNativeTarget "InterfaceBuilderBasicsUITests" */;
			buildPhases = (
				6991B77827FFE799007A22DE /* Sources */,
				6991B77927FFE799007A22DE /* Frameworks */,
				6991B77A27FFE799007A22DE /* Resources */,
			);
			buildRules = (
			);
			dependencies = (
				6991B77E27FFE799007A22DE /* PBXTargetDependency */,
			);
			name = InterfaceBuilderBasicsUITests;
			productName = InterfaceBuilderBasicsUITests;
			productReference = 6991B77C27FFE799007A22DE /* InterfaceBuilderBasicsUITests.xctest */;
			productType = "com.apple.product-type.bundle.ui-testing";
		};
/* End PBXNativeTarget section */

/* Begin PBXProject section */
		6991B75427FFE798007A22DE /* Project object */ = {
			isa = PBXProject;
			attributes = {
				BuildIndependentTargetsInParallel = 1;
				LastSwiftUpdateCheck = 1330;
				LastUpgradeCheck = 1330;
				TargetAttributes = {
					6991B75B27FFE798007A22DE = {
						CreatedOnToolsVersion = 13.3;
					};
					6991B77127FFE799007A22DE = {
						CreatedOnToolsVersion = 13.3;
						TestTargetID = 6991B75B27FFE798007A22DE;
					};
					6991B77B27FFE799007A22DE = {
						CreatedOnToolsVersion = 13.3;
						TestTargetID = 6991B75B27FFE798007A22DE;
					};
				};
			};
			buildConfigurationList = 6991B75727FFE798007A22DE /* Build configuration list for PBXProject "InterfaceBuilderBasics" */;
			compatibilityVersion = "Xcode 13.0";
			developmentRegion = en;
			hasScannedForEncodings = 0;
			knownRegions = (
				en,
				Base,
			);
			mainGroup = 6991B75327FFE798007A22DE;
			productRefGroup = 6991B75D27FFE798007A22DE /* Products */;
			projectDirPath = "";
			projectRoot = "";
			targets = (
				6991B75B27FFE798007A22DE /* InterfaceBuilderBasics */,
				6991B77127FFE799007A22DE /* InterfaceBuilderBasicsTests */,
				6991B77B27FFE799007A22DE /* InterfaceBuilderBasicsUITests */,
			);
		};
/* End PBXProject section */

/* Begin PBXResourcesBuildPhase section */
		6991B75A27FFE798007A22DE /* Resources */ = {
			isa = PBXResourcesBuildPhase;
			buildActionMask = 2147483647;
			files = (
				6991B76C27FFE799007A22DE /* LaunchScreen.storyboard in Resources */,
				6991B76927FFE799007A22DE /* Assets.xcassets in Resources */,
				6991B76727FFE798007A22DE /* Main.storyboard in Resources */,
			);
			runOnlyForDeploymentPostprocessing = 0;
		};
		6991B77027FFE799007A22DE /* Resources */ = {
			isa = PBXResourcesBuildPhase;
			buildActionMask = 2147483647;
			files = (
			);
			runOnlyForDeploymentPostprocessing = 0;
		};
		6991B77A27FFE799007A22DE /* Resources */ = {
			isa = PBXResourcesBuildPhase;
			buildActionMask = 2147483647;
			files = (
			);
			runOnlyForDeploymentPostprocessing = 0;
		};
/* End PBXResourcesBuildPhase section */

/* Begin PBXSourcesBuildPhase section */
		6991B75827FFE798007A22DE /* Sources */ = {
			isa = PBXSourcesBuildPhase;
			buildActionMask = 2147483647;
			files = (
				6991B76427FFE798007A22DE /* ViewController.swift in Sources */,
				6991B76027FFE798007A22DE /* AppDelegate.swift in Sources */,
				6991B76227FFE798007A22DE /* SceneDelegate.swift in Sources */,
			);
			runOnlyForDeploymentPostprocessing = 0;
		};
		6991B76E27FFE799007A22DE /* Sources */ = {
			isa = PBXSourcesBuildPhase;
			buildActionMask = 2147483647;
			files = (
				6991B77727FFE799007A22DE /* InterfaceBuilderBasicsTests.swift in Sources */,
			);
			runOnlyForDeploymentPostprocessing = 0;
		};
		6991B77827FFE799007A22DE /* Sources */ = {
			isa = PBXSourcesBuildPhase;
			buildActionMask = 2147483647;
			files = (
				6991B78127FFE799007A22DE /* InterfaceBuilderBasicsUITests.swift in Sources */,
				6991B78327FFE799007A22DE /* InterfaceBuilderBasicsUITestsLaunchTests.swift in Sources */,
			);
			runOnlyForDeploymentPostprocessing = 0;
		};
/* End PBXSourcesBuildPhase section */

/* Begin PBXTargetDependency section */
		6991B77427FFE799007A22DE /* PBXTargetDependency */ = {
			isa = PBXTargetDependency;
			target = 6991B75B27FFE798007A22DE /* InterfaceBuilderBasics */;
			targetProxy = 6991B77327FFE799007A22DE /* PBXContainerItemProxy */;
		};
		6991B77E27FFE799007A22DE /* PBXTargetDependency */ = {
			isa = PBXTargetDependency;
			target = 6991B75B27FFE798007A22DE /* InterfaceBuilderBasics */;
			targetProxy = 6991B77D27FFE799007A22DE /* PBXContainerItemProxy */;
		};
/* End PBXTargetDependency section */

/* Begin PBXVariantGroup section */
		6991B76527FFE798007A22DE /* Main.storyboard */ = {
			isa = PBXVariantGroup;
			children = (
				6991B76627FFE798007A22DE /* Base */,
			);
			name = Main.storyboard;
			sourceTree = "<group>";
		};
		6991B76A27FFE799007A22DE /* LaunchScreen.storyboard */ = {
			isa = PBXVariantGroup;
			children = (
				6991B76B27FFE799007A22DE /* Base */,
			);
			name = LaunchScreen.storyboard;
			sourceTree = "<group>";
		};
/* End PBXVariantGroup section */

/* Begin XCBuildConfiguration section */
		6991B78427FFE799007A22DE /* Debug */ = {
			isa = XCBuildConfiguration;
			buildSettings = {
				ALWAYS_SEARCH_USER_PATHS = NO;
				CLANG_ANALYZER_NONNULL = YES;
				CLANG_ANALYZER_NUMBER_OBJECT_CONVERSION = YES_AGGRESSIVE;
				CLANG_CXX_LANGUAGE_STANDARD = "gnu++17";
				CLANG_ENABLE_MODULES = YES;
				CLANG_ENABLE_OBJC_ARC = YES;
				CLANG_ENABLE_OBJC_WEAK = YES;
				CLANG_WARN_BLOCK_CAPTURE_AUTORELEASING = YES;
				CLANG_WARN_BOOL_CONVERSION = YES;
				CLANG_WARN_COMMA = YES;
				CLANG_WARN_CONSTANT_CONVERSION = YES;
				CLANG_WARN_DEPRECATED_OBJC_IMPLEMENTATIONS = YES;
				CLANG_WARN_DIRECT_OBJC_ISA_USAGE = YES_ERROR;
				CLANG_WARN_DOCUMENTATION_COMMENTS = YES;
				CLANG_WARN_EMPTY_BODY = YES;
				CLANG_WARN_ENUM_CONVERSION = YES;
				CLANG_WARN_INFINITE_RECURSION = YES;
				CLANG_WARN_INT_CONVERSION = YES;
				CLANG_WARN_NON_LITERAL_NULL_CONVERSION = YES;
				CLANG_WARN_OBJC_IMPLICIT_RETAIN_SELF = YES;
				CLANG_WARN_OBJC_LITERAL_CONVERSION = YES;
				CLANG_WARN_OBJC_ROOT_CLASS = YES_ERROR;
				CLANG_WARN_QUOTED_INCLUDE_IN_FRAMEWORK_HEADER = YES;
				CLANG_WARN_RANGE_LOOP_ANALYSIS = YES;
				CLANG_WARN_STRICT_PROTOTYPES = YES;
				CLANG_WARN_SUSPICIOUS_MOVE = YES;
				CLANG_WARN_UNGUARDED_AVAILABILITY = YES_AGGRESSIVE;
				CLANG_WARN_UNREACHABLE_CODE = YES;
				CLANG_WARN__DUPLICATE_METHOD_MATCH = YES;
				COPY_PHASE_STRIP = NO;
				DEBUG_INFORMATION_FORMAT = dwarf;
				ENABLE_STRICT_OBJC_MSGSEND = YES;
				ENABLE_TESTABILITY = YES;
				GCC_C_LANGUAGE_STANDARD = gnu11;
				GCC_DYNAMIC_NO_PIC = NO;
				GCC_NO_COMMON_BLOCKS = YES;
				GCC_OPTIMIZATION_LEVEL = 0;
				GCC_PREPROCESSOR_DEFINITIONS = (
					"DEBUG=1",
					"$(inherited)",
				);
				GCC_WARN_64_TO_32_BIT_CONVERSION = YES;
				GCC_WARN_ABOUT_RETURN_TYPE = YES_ERROR;
				GCC_WARN_UNDECLARED_SELECTOR = YES;
				GCC_WARN_UNINITIALIZED_AUTOS = YES_AGGRESSIVE;
				GCC_WARN_UNUSED_FUNCTION = YES;
				GCC_WARN_UNUSED_VARIABLE = YES;
				IPHONEOS_DEPLOYMENT_TARGET = 15.4;
				MTL_ENABLE_DEBUG_INFO = INCLUDE_SOURCE;
				MTL_FAST_MATH = YES;
				ONLY_ACTIVE_ARCH = YES;
				SDKROOT = iphoneos;
				SWIFT_ACTIVE_COMPILATION_CONDITIONS = DEBUG;
				SWIFT_OPTIMIZATION_LEVEL = "-Onone";
			};
			name = Debug;
		};
		6991B78527FFE799007A22DE /* Release */ = {
			isa = XCBuildConfiguration;
			buildSettings = {
				ALWAYS_SEARCH_USER_PATHS = NO;
				CLANG_ANALYZER_NONNULL = YES;
				CLANG_ANALYZER_NUMBER_OBJECT_CONVERSION = YES_AGGRESSIVE;
				CLANG_CXX_LANGUAGE_STANDARD = "gnu++17";
				CLANG_ENABLE_MODULES = YES;
				CLANG_ENABLE_OBJC_ARC = YES;
				CLANG_ENABLE_OBJC_WEAK = YES;
				CLANG_WARN_BLOCK_CAPTURE_AUTORELEASING = YES;
				CLANG_WARN_BOOL_CONVERSION = YES;
				CLANG_WARN_COMMA = YES;
				CLANG_WARN_CONSTANT_CONVERSION = YES;
				CLANG_WARN_DEPRECATED_OBJC_IMPLEMENTATIONS = YES;
				CLANG_WARN_DIRECT_OBJC_ISA_USAGE = YES_ERROR;
				CLANG_WARN_DOCUMENTATION_COMMENTS = YES;
				CLANG_WARN_EMPTY_BODY = YES;
				CLANG_WARN_ENUM_CONVERSION = YES;
				CLANG_WARN_INFINITE_RECURSION = YES;
				CLANG_WARN_INT_CONVERSION = YES;
				CLANG_WARN_NON_LITERAL_NULL_CONVERSION = YES;
				CLANG_WARN_OBJC_IMPLICIT_RETAIN_SELF = YES;
				CLANG_WARN_OBJC_LITERAL_CONVERSION = YES;
				CLANG_WARN_OBJC_ROOT_CLASS = YES_ERROR;
				CLANG_WARN_QUOTED_INCLUDE_IN_FRAMEWORK_HEADER = YES;
				CLANG_WARN_RANGE_LOOP_ANALYSIS = YES;
				CLANG_WARN_STRICT_PROTOTYPES = YES;
				CLANG_WARN_SUSPICIOUS_MOVE = YES;
				CLANG_WARN_UNGUARDED_AVAILABILITY = YES_AGGRESSIVE;
				CLANG_WARN_UNREACHABLE_CODE = YES;
				CLANG_WARN__DUPLICATE_METHOD_MATCH = YES;
				COPY_PHASE_STRIP = NO;
				DEBUG_INFORMATION_FORMAT = "dwarf-with-dsym";
				ENABLE_NS_ASSERTIONS = NO;
				ENABLE_STRICT_OBJC_MSGSEND = YES;
				GCC_C_LANGUAGE_STANDARD = gnu11;
				GCC_NO_COMMON_BLOCKS = YES;
				GCC_WARN_64_TO_32_BIT_CONVERSION = YES;
				GCC_WARN_ABOUT_RETURN_TYPE = YES_ERROR;
				GCC_WARN_UNDECLARED_SELECTOR = YES;
				GCC_WARN_UNINITIALIZED_AUTOS = YES_AGGRESSIVE;
				GCC_WARN_UNUSED_FUNCTION = YES;
				GCC_WARN_UNUSED_VARIABLE = YES;
				IPHONEOS_DEPLOYMENT_TARGET = 15.4;
				MTL_ENABLE_DEBUG_INFO = NO;
				MTL_FAST_MATH = YES;
				SDKROOT = iphoneos;
				SWIFT_COMPILATION_MODE = wholemodule;
				SWIFT_OPTIMIZATION_LEVEL = "-O";
				VALIDATE_PRODUCT = YES;
			};
			name = Release;
		};
		6991B78727FFE799007A22DE /* Debug */ = {
			isa = XCBuildConfiguration;
			buildSettings = {
				ASSETCATALOG_COMPILER_APPICON_NAME = AppIcon;
				ASSETCATALOG_COMPILER_GLOBAL_ACCENT_COLOR_NAME = AccentColor;
				CODE_SIGN_STYLE = Automatic;
				CURRENT_PROJECT_VERSION = 1;
				DEVELOPMENT_TEAM = 3486SM5N55;
				GENERATE_INFOPLIST_FILE = YES;
				INFOPLIST_FILE = InterfaceBuilderBasics/Info.plist;
				INFOPLIST_KEY_UIApplicationSupportsIndirectInputEvents = YES;
				INFOPLIST_KEY_UILaunchStoryboardName = LaunchScreen;
				INFOPLIST_KEY_UIMainStoryboardFile = Main;
				INFOPLIST_KEY_UISupportedInterfaceOrientations_iPad = "UIInterfaceOrientationPortrait UIInterfaceOrientationPortraitUpsideDown UIInterfaceOrientationLandscapeLeft UIInterfaceOrientationLandscapeRight";
				INFOPLIST_KEY_UISupportedInterfaceOrientations_iPhone = "UIInterfaceOrientationPortrait UIInterfaceOrientationLandscapeLeft UIInterfaceOrientationLandscapeRight";
				IPHONEOS_DEPLOYMENT_TARGET = 15.3;
				LD_RUNPATH_SEARCH_PATHS = (
					"$(inherited)",
					"@executable_path/Frameworks",
				);
				MARKETING_VERSION = 1.0;
				PRODUCT_BUNDLE_IDENTIFIER = Training.InterfaceBuilderBasics;
				PRODUCT_NAME = "$(TARGET_NAME)";
				SWIFT_EMIT_LOC_STRINGS = YES;
				SWIFT_VERSION = 5.0;
				TARGETED_DEVICE_FAMILY = 1;
			};
			name = Debug;
		};
		6991B78827FFE799007A22DE /* Release */ = {
			isa = XCBuildConfiguration;
			buildSettings = {
				ASSETCATALOG_COMPILER_APPICON_NAME = AppIcon;
				ASSETCATALOG_COMPILER_GLOBAL_ACCENT_COLOR_NAME = AccentColor;
				CODE_SIGN_STYLE = Automatic;
				CURRENT_PROJECT_VERSION = 1;
				DEVELOPMENT_TEAM = 3486SM5N55;
				GENERATE_INFOPLIST_FILE = YES;
				INFOPLIST_FILE = InterfaceBuilderBasics/Info.plist;
				INFOPLIST_KEY_UIApplicationSupportsIndirectInputEvents = YES;
				INFOPLIST_KEY_UILaunchStoryboardName = LaunchScreen;
				INFOPLIST_KEY_UIMainStoryboardFile = Main;
				INFOPLIST_KEY_UISupportedInterfaceOrientations_iPad = "UIInterfaceOrientationPortrait UIInterfaceOrientationPortraitUpsideDown UIInterfaceOrientationLandscapeLeft UIInterfaceOrientationLandscapeRight";
				INFOPLIST_KEY_UISupportedInterfaceOrientations_iPhone = "UIInterfaceOrientationPortrait UIInterfaceOrientationLandscapeLeft UIInterfaceOrientationLandscapeRight";
				IPHONEOS_DEPLOYMENT_TARGET = 15.3;
				LD_RUNPATH_SEARCH_PATHS = (
					"$(inherited)",
					"@executable_path/Frameworks",
				);
				MARKETING_VERSION = 1.0;
				PRODUCT_BUNDLE_IDENTIFIER = Training.InterfaceBuilderBasics;
				PRODUCT_NAME = "$(TARGET_NAME)";
				SWIFT_EMIT_LOC_STRINGS = YES;
				SWIFT_VERSION = 5.0;
				TARGETED_DEVICE_FAMILY = 1;
			};
			name = Release;
		};
		6991B78A27FFE799007A22DE /* Debug */ = {
			isa = XCBuildConfiguration;
			buildSettings = {
				ALWAYS_EMBED_SWIFT_STANDARD_LIBRARIES = YES;
				BUNDLE_LOADER = "$(TEST_HOST)";
				CODE_SIGN_STYLE = Automatic;
				CURRENT_PROJECT_VERSION = 1;
				GENERATE_INFOPLIST_FILE = YES;
				IPHONEOS_DEPLOYMENT_TARGET = 15.4;
				MARKETING_VERSION = 1.0;
				PRODUCT_BUNDLE_IDENTIFIER = Training.InterfaceBuilderBasicsTests;
				PRODUCT_NAME = "$(TARGET_NAME)";
				SWIFT_EMIT_LOC_STRINGS = NO;
				SWIFT_VERSION = 5.0;
				TARGETED_DEVICE_FAMILY = "1,2";
				TEST_HOST = "$(BUILT_PRODUCTS_DIR)/InterfaceBuilderBasics.app/InterfaceBuilderBasics";
			};
			name = Debug;
		};
		6991B78B27FFE799007A22DE /* Release */ = {
			isa = XCBuildConfiguration;
			buildSettings = {
				ALWAYS_EMBED_SWIFT_STANDARD_LIBRARIES = YES;
				BUNDLE_LOADER = "$(TEST_HOST)";
				CODE_SIGN_STYLE = Automatic;
				CURRENT_PROJECT_VERSION = 1;
				GENERATE_INFOPLIST_FILE = YES;
				IPHONEOS_DEPLOYMENT_TARGET = 15.4;
				MARKETING_VERSION = 1.0;
				PRODUCT_BUNDLE_IDENTIFIER = Training.InterfaceBuilderBasicsTests;
				PRODUCT_NAME = "$(TARGET_NAME)";
				SWIFT_EMIT_LOC_STRINGS = NO;
				SWIFT_VERSION = 5.0;
				TARGETED_DEVICE_FAMILY = "1,2";
				TEST_HOST = "$(BUILT_PRODUCTS_DIR)/InterfaceBuilderBasics.app/InterfaceBuilderBasics";
			};
			name = Release;
		};
		6991B78D27FFE799007A22DE /* Debug */ = {
			isa = XCBuildConfiguration;
			buildSettings = {
				ALWAYS_EMBED_SWIFT_STANDARD_LIBRARIES = YES;
				CODE_SIGN_STYLE = Automatic;
				CURRENT_PROJECT_VERSION = 1;
				GENERATE_INFOPLIST_FILE = YES;
				MARKETING_VERSION = 1.0;
				PRODUCT_BUNDLE_IDENTIFIER = Training.InterfaceBuilderBasicsUITests;
				PRODUCT_NAME = "$(TARGET_NAME)";
				SWIFT_EMIT_LOC_STRINGS = NO;
				SWIFT_VERSION = 5.0;
				TARGETED_DEVICE_FAMILY = "1,2";
				TEST_TARGET_NAME = InterfaceBuilderBasics;
			};
			name = Debug;
		};
		6991B78E27FFE799007A22DE /* Release */ = {
			isa = XCBuildConfiguration;
			buildSettings = {
				ALWAYS_EMBED_SWIFT_STANDARD_LIBRARIES = YES;
				CODE_SIGN_STYLE = Automatic;
				CURRENT_PROJECT_VERSION = 1;
				GENERATE_INFOPLIST_FILE = YES;
				MARKETING_VERSION = 1.0;
				PRODUCT_BUNDLE_IDENTIFIER = Training.InterfaceBuilderBasicsUITests;
				PRODUCT_NAME = "$(TARGET_NAME)";
				SWIFT_EMIT_LOC_STRINGS = NO;
				SWIFT_VERSION = 5.0;
				TARGETED_DEVICE_FAMILY = "1,2";
				TEST_TARGET_NAME = InterfaceBuilderBasics;
			};
			name = Release;
		};
/* End XCBuildConfiguration section */

/* Begin XCConfigurationList section */
		6991B75727FFE798007A22DE /* Build configuration list for PBXProject "InterfaceBuilderBasics" */ = {
			isa = XCConfigurationList;
			buildConfigurations = (
				6991B78427FFE799007A22DE /* Debug */,
				6991B78527FFE799007A22DE /* Release */,
			);
			defaultConfigurationIsVisible = 0;
			defaultConfigurationName = Release;
		};
		6991B78627FFE799007A22DE /* Build configuration list for PBXNativeTarget "InterfaceBuilderBasics" */ = {
			isa = XCConfigurationList;
			buildConfigurations = (
				6991B78727FFE799007A22DE /* Debug */,
				6991B78827FFE799007A22DE /* Release */,
			);
			defaultConfigurationIsVisible = 0;
			defaultConfigurationName = Release;
		};
		6991B78927FFE799007A22DE /* Build configuration list for PBXNativeTarget "InterfaceBuilderBasicsTests" */ = {
			isa = XCConfigurationList;
			buildConfigurations = (
				6991B78A27FFE799007A22DE /* Debug */,
				6991B78B27FFE799007A22DE /* Release */,
			);
			defaultConfigurationIsVisible = 0;
			defaultConfigurationName = Release;
		};
		6991B78C27FFE799007A22DE /* Build configuration list for PBXNativeTarget "InterfaceBuilderBasicsUITests" */ = {
			isa = XCConfigurationList;
			buildConfigurations = (
				6991B78D27FFE799007A22DE /* Debug */,
				6991B78E27FFE799007A22DE /* Release */,
			);
			defaultConfigurationIsVisible = 0;
			defaultConfigurationName = Release;
		};
/* End XCConfigurationList section */
	};
	rootObject = 6991B75427FFE798007A22DE /* Project object */;
}
