// !$*UTF8*$!
{
	archiveVersion = 1;
	classes = {
	};
	objectVersion = 55;
	objects = {

/* Begin PBXBuildFile section */
		69CCDAC8281277D7007D661F /* AppDelegate.swift in Sources */ = {isa = PBXBuildFile; fileRef = 69CCDAC7281277D7007D661F /* AppDelegate.swift */; };
		69CCDACA281277D7007D661F /* SceneDelegate.swift in Sources */ = {isa = PBXBuildFile; fileRef = 69CCDAC9281277D7007D661F /* SceneDelegate.swift */; };
		69CCDACC281277D7007D661F /* ViewController.swift in Sources */ = {isa = PBXBuildFile; fileRef = 69CCDACB281277D7007D661F /* ViewController.swift */; };
		69CCDACF281277D7007D661F /* Main.storyboard in Resources */ = {isa = PBXBuildFile; fileRef = 69CCDACD281277D7007D661F /* Main.storyboard */; };
		69CCDAD1281277D8007D661F /* Assets.xcassets in Resources */ = {isa = PBXBuildFile; fileRef = 69CCDAD0281277D8007D661F /* Assets.xcassets */; };
		69CCDAD4281277D8007D661F /* LaunchScreen.storyboard in Resources */ = {isa = PBXBuildFile; fileRef = 69CCDAD2281277D8007D661F /* LaunchScreen.storyboard */; };
		69CCDADF281277D8007D661F /* Hobby_TutorialTests.swift in Sources */ = {isa = PBXBuildFile; fileRef = 69CCDADE281277D8007D661F /* Hobby_TutorialTests.swift */; };
		69CCDAE9281277D8007D661F /* Hobby_TutorialUITests.swift in Sources */ = {isa = PBXBuildFile; fileRef = 69CCDAE8281277D8007D661F /* Hobby_TutorialUITests.swift */; };
		69CCDAEB281277D8007D661F /* Hobby_TutorialUITestsLaunchTests.swift in Sources */ = {isa = PBXBuildFile; fileRef = 69CCDAEA281277D8007D661F /* Hobby_TutorialUITestsLaunchTests.swift */; };
/* End PBXBuildFile section */

/* Begin PBXContainerItemProxy section */
		69CCDADB281277D8007D661F /* PBXContainerItemProxy */ = {
			isa = PBXContainerItemProxy;
			containerPortal = 69CCDABC281277D7007D661F /* Project object */;
			proxyType = 1;
			remoteGlobalIDString = 69CCDAC3281277D7007D661F;
			remoteInfo = "Hobby Tutorial";
		};
		69CCDAE5281277D8007D661F /* PBXContainerItemProxy */ = {
			isa = PBXContainerItemProxy;
			containerPortal = 69CCDABC281277D7007D661F /* Project object */;
			proxyType = 1;
			remoteGlobalIDString = 69CCDAC3281277D7007D661F;
			remoteInfo = "Hobby Tutorial";
		};
/* End PBXContainerItemProxy section */

/* Begin PBXFileReference section */
		69CCDAC4281277D7007D661F /* Hobby Tutorial.app */ = {isa = PBXFileReference; explicitFileType = wrapper.application; includeInIndex = 0; path = "Hobby Tutorial.app"; sourceTree = BUILT_PRODUCTS_DIR; };
		69CCDAC7281277D7007D661F /* AppDelegate.swift */ = {isa = PBXFileReference; lastKnownFileType = sourcecode.swift; path = AppDelegate.swift; sourceTree = "<group>"; };
		69CCDAC9281277D7007D661F /* SceneDelegate.swift */ = {isa = PBXFileReference; lastKnownFileType = sourcecode.swift; path = SceneDelegate.swift; sourceTree = "<group>"; };
		69CCDACB281277D7007D661F /* ViewController.swift */ = {isa = PBXFileReference; lastKnownFileType = sourcecode.swift; path = ViewController.swift; sourceTree = "<group>"; };
		69CCDACE281277D7007D661F /* Base */ = {isa = PBXFileReference; lastKnownFileType = file.storyboard; name = Base; path = Base.lproj/Main.storyboard; sourceTree = "<group>"; };
		69CCDAD0281277D8007D661F /* Assets.xcassets */ = {isa = PBXFileReference; lastKnownFileType = folder.assetcatalog; path = Assets.xcassets; sourceTree = "<group>"; };
		69CCDAD3281277D8007D661F /* Base */ = {isa = PBXFileReference; lastKnownFileType = file.storyboard; name = Base; path = Base.lproj/LaunchScreen.storyboard; sourceTree = "<group>"; };
		69CCDAD5281277D8007D661F /* Info.plist */ = {isa = PBXFileReference; lastKnownFileType = text.plist.xml; path = Info.plist; sourceTree = "<group>"; };
		69CCDADA281277D8007D661F /* Hobby TutorialTests.xctest */ = {isa = PBXFileReference; explicitFileType = wrapper.cfbundle; includeInIndex = 0; path = "Hobby TutorialTests.xctest"; sourceTree = BUILT_PRODUCTS_DIR; };
		69CCDADE281277D8007D661F /* Hobby_TutorialTests.swift */ = {isa = PBXFileReference; lastKnownFileType = sourcecode.swift; path = Hobby_TutorialTests.swift; sourceTree = "<group>"; };
		69CCDAE4281277D8007D661F /* Hobby TutorialUITests.xctest */ = {isa = PBXFileReference; explicitFileType = wrapper.cfbundle; includeInIndex = 0; path = "Hobby TutorialUITests.xctest"; sourceTree = BUILT_PRODUCTS_DIR; };
		69CCDAE8281277D8007D661F /* Hobby_TutorialUITests.swift */ = {isa = PBXFileReference; lastKnownFileType = sourcecode.swift; path = Hobby_TutorialUITests.swift; sourceTree = "<group>"; };
		69CCDAEA281277D8007D661F /* Hobby_TutorialUITestsLaunchTests.swift */ = {isa = PBXFileReference; lastKnownFileType = sourcecode.swift; path = Hobby_TutorialUITestsLaunchTests.swift; sourceTree = "<group>"; };
/* End PBXFileReference section */

/* Begin PBXFrameworksBuildPhase section */
		69CCDAC1281277D7007D661F /* Frameworks */ = {
			isa = PBXFrameworksBuildPhase;
			buildActionMask = 2147483647;
			files = (
			);
			runOnlyForDeploymentPostprocessing = 0;
		};
		69CCDAD7281277D8007D661F /* Frameworks */ = {
			isa = PBXFrameworksBuildPhase;
			buildActionMask = 2147483647;
			files = (
			);
			runOnlyForDeploymentPostprocessing = 0;
		};
		69CCDAE1281277D8007D661F /* Frameworks */ = {
			isa = PBXFrameworksBuildPhase;
			buildActionMask = 2147483647;
			files = (
			);
			runOnlyForDeploymentPostprocessing = 0;
		};
/* End PBXFrameworksBuildPhase section */

/* Begin PBXGroup section */
		69CCDABB281277D7007D661F = {
			isa = PBXGroup;
			children = (
				69CCDAC6281277D7007D661F /* Hobby Tutorial */,
				69CCDADD281277D8007D661F /* Hobby TutorialTests */,
				69CCDAE7281277D8007D661F /* Hobby TutorialUITests */,
				69CCDAC5281277D7007D661F /* Products */,
			);
			sourceTree = "<group>";
		};
		69CCDAC5281277D7007D661F /* Products */ = {
			isa = PBXGroup;
			children = (
				69CCDAC4281277D7007D661F /* Hobby Tutorial.app */,
				69CCDADA281277D8007D661F /* Hobby TutorialTests.xctest */,
				69CCDAE4281277D8007D661F /* Hobby TutorialUITests.xctest */,
			);
			name = Products;
			sourceTree = "<group>";
		};
		69CCDAC6281277D7007D661F /* Hobby Tutorial */ = {
			isa = PBXGroup;
			children = (
				69CCDAC7281277D7007D661F /* AppDelegate.swift */,
				69CCDAC9281277D7007D661F /* SceneDelegate.swift */,
				69CCDACB281277D7007D661F /* ViewController.swift */,
				69CCDACD281277D7007D661F /* Main.storyboard */,
				69CCDAD0281277D8007D661F /* Assets.xcassets */,
				69CCDAD2281277D8007D661F /* LaunchScreen.storyboard */,
				69CCDAD5281277D8007D661F /* Info.plist */,
			);
			path = "Hobby Tutorial";
			sourceTree = "<group>";
		};
		69CCDADD281277D8007D661F /* Hobby TutorialTests */ = {
			isa = PBXGroup;
			children = (
				69CCDADE281277D8007D661F /* Hobby_TutorialTests.swift */,
			);
			path = "Hobby TutorialTests";
			sourceTree = "<group>";
		};
		69CCDAE7281277D8007D661F /* Hobby TutorialUITests */ = {
			isa = PBXGroup;
			children = (
				69CCDAE8281277D8007D661F /* Hobby_TutorialUITests.swift */,
				69CCDAEA281277D8007D661F /* Hobby_TutorialUITestsLaunchTests.swift */,
			);
			path = "Hobby TutorialUITests";
			sourceTree = "<group>";
		};
/* End PBXGroup section */

/* Begin PBXNativeTarget section */
		69CCDAC3281277D7007D661F /* Hobby Tutorial */ = {
			isa = PBXNativeTarget;
			buildConfigurationList = 69CCDAEE281277D8007D661F /* Build configuration list for PBXNativeTarget "Hobby Tutorial" */;
			buildPhases = (
				69CCDAC0281277D7007D661F /* Sources */,
				69CCDAC1281277D7007D661F /* Frameworks */,
				69CCDAC2281277D7007D661F /* Resources */,
			);
			buildRules = (
			);
			dependencies = (
			);
			name = "Hobby Tutorial";
			productName = "Hobby Tutorial";
			productReference = 69CCDAC4281277D7007D661F /* Hobby Tutorial.app */;
			productType = "com.apple.product-type.application";
		};
		69CCDAD9281277D8007D661F /* Hobby TutorialTests */ = {
			isa = PBXNativeTarget;
			buildConfigurationList = 69CCDAF1281277D8007D661F /* Build configuration list for PBXNativeTarget "Hobby TutorialTests" */;
			buildPhases = (
				69CCDAD6281277D8007D661F /* Sources */,
				69CCDAD7281277D8007D661F /* Frameworks */,
				69CCDAD8281277D8007D661F /* Resources */,
			);
			buildRules = (
			);
			dependencies = (
				69CCDADC281277D8007D661F /* PBXTargetDependency */,
			);
			name = "Hobby TutorialTests";
			productName = "Hobby TutorialTests";
			productReference = 69CCDADA281277D8007D661F /* Hobby TutorialTests.xctest */;
			productType = "com.apple.product-type.bundle.unit-test";
		};
		69CCDAE3281277D8007D661F /* Hobby TutorialUITests */ = {
			isa = PBXNativeTarget;
			buildConfigurationList = 69CCDAF4281277D8007D661F /* Build configuration list for PBXNativeTarget "Hobby TutorialUITests" */;
			buildPhases = (
				69CCDAE0281277D8007D661F /* Sources */,
				69CCDAE1281277D8007D661F /* Frameworks */,
				69CCDAE2281277D8007D661F /* Resources */,
			);
			buildRules = (
			);
			dependencies = (
				69CCDAE6281277D8007D661F /* PBXTargetDependency */,
			);
			name = "Hobby TutorialUITests";
			productName = "Hobby TutorialUITests";
			productReference = 69CCDAE4281277D8007D661F /* Hobby TutorialUITests.xctest */;
			productType = "com.apple.product-type.bundle.ui-testing";
		};
/* End PBXNativeTarget section */

/* Begin PBXProject section */
		69CCDABC281277D7007D661F /* Project object */ = {
			isa = PBXProject;
			attributes = {
				BuildIndependentTargetsInParallel = 1;
				LastSwiftUpdateCheck = 1330;
				LastUpgradeCheck = 1330;
				TargetAttributes = {
					69CCDAC3281277D7007D661F = {
						CreatedOnToolsVersion = 13.3.1;
					};
					69CCDAD9281277D8007D661F = {
						CreatedOnToolsVersion = 13.3.1;
						TestTargetID = 69CCDAC3281277D7007D661F;
					};
					69CCDAE3281277D8007D661F = {
						CreatedOnToolsVersion = 13.3.1;
						TestTargetID = 69CCDAC3281277D7007D661F;
					};
				};
			};
			buildConfigurationList = 69CCDABF281277D7007D661F /* Build configuration list for PBXProject "Hobby Tutorial" */;
			compatibilityVersion = "Xcode 13.0";
			developmentRegion = en;
			hasScannedForEncodings = 0;
			knownRegions = (
				en,
				Base,
			);
			mainGroup = 69CCDABB281277D7007D661F;
			productRefGroup = 69CCDAC5281277D7007D661F /* Products */;
			projectDirPath = "";
			projectRoot = "";
			targets = (
				69CCDAC3281277D7007D661F /* Hobby Tutorial */,
				69CCDAD9281277D8007D661F /* Hobby TutorialTests */,
				69CCDAE3281277D8007D661F /* Hobby TutorialUITests */,
			);
		};
/* End PBXProject section */

/* Begin PBXResourcesBuildPhase section */
		69CCDAC2281277D7007D661F /* Resources */ = {
			isa = PBXResourcesBuildPhase;
			buildActionMask = 2147483647;
			files = (
				69CCDAD4281277D8007D661F /* LaunchScreen.storyboard in Resources */,
				69CCDAD1281277D8007D661F /* Assets.xcassets in Resources */,
				69CCDACF281277D7007D661F /* Main.storyboard in Resources */,
			);
			runOnlyForDeploymentPostprocessing = 0;
		};
		69CCDAD8281277D8007D661F /* Resources */ = {
			isa = PBXResourcesBuildPhase;
			buildActionMask = 2147483647;
			files = (
			);
			runOnlyForDeploymentPostprocessing = 0;
		};
		69CCDAE2281277D8007D661F /* Resources */ = {
			isa = PBXResourcesBuildPhase;
			buildActionMask = 2147483647;
			files = (
			);
			runOnlyForDeploymentPostprocessing = 0;
		};
/* End PBXResourcesBuildPhase section */

/* Begin PBXSourcesBuildPhase section */
		69CCDAC0281277D7007D661F /* Sources */ = {
			isa = PBXSourcesBuildPhase;
			buildActionMask = 2147483647;
			files = (
				69CCDACC281277D7007D661F /* ViewController.swift in Sources */,
				69CCDAC8281277D7007D661F /* AppDelegate.swift in Sources */,
				69CCDACA281277D7007D661F /* SceneDelegate.swift in Sources */,
			);
			runOnlyForDeploymentPostprocessing = 0;
		};
		69CCDAD6281277D8007D661F /* Sources */ = {
			isa = PBXSourcesBuildPhase;
			buildActionMask = 2147483647;
			files = (
				69CCDADF281277D8007D661F /* Hobby_TutorialTests.swift in Sources */,
			);
			runOnlyForDeploymentPostprocessing = 0;
		};
		69CCDAE0281277D8007D661F /* Sources */ = {
			isa = PBXSourcesBuildPhase;
			buildActionMask = 2147483647;
			files = (
				69CCDAE9281277D8007D661F /* Hobby_TutorialUITests.swift in Sources */,
				69CCDAEB281277D8007D661F /* Hobby_TutorialUITestsLaunchTests.swift in Sources */,
			);
			runOnlyForDeploymentPostprocessing = 0;
		};
/* End PBXSourcesBuildPhase section */

/* Begin PBXTargetDependency section */
		69CCDADC281277D8007D661F /* PBXTargetDependency */ = {
			isa = PBXTargetDependency;
			target = 69CCDAC3281277D7007D661F /* Hobby Tutorial */;
			targetProxy = 69CCDADB281277D8007D661F /* PBXContainerItemProxy */;
		};
		69CCDAE6281277D8007D661F /* PBXTargetDependency */ = {
			isa = PBXTargetDependency;
			target = 69CCDAC3281277D7007D661F /* Hobby Tutorial */;
			targetProxy = 69CCDAE5281277D8007D661F /* PBXContainerItemProxy */;
		};
/* End PBXTargetDependency section */

/* Begin PBXVariantGroup section */
		69CCDACD281277D7007D661F /* Main.storyboard */ = {
			isa = PBXVariantGroup;
			children = (
				69CCDACE281277D7007D661F /* Base */,
			);
			name = Main.storyboard;
			sourceTree = "<group>";
		};
		69CCDAD2281277D8007D661F /* LaunchScreen.storyboard */ = {
			isa = PBXVariantGroup;
			children = (
				69CCDAD3281277D8007D661F /* Base */,
			);
			name = LaunchScreen.storyboard;
			sourceTree = "<group>";
		};
/* End PBXVariantGroup section */

/* Begin XCBuildConfiguration section */
		69CCDAEC281277D8007D661F /* Debug */ = {
			isa = XCBuildConfiguration;
			buildSettings = {
				ALWAYS_SEARCH_USER_PATHS = NO;
				CLANG_ANALYZER_NONNULL = YES;
				CLANG_ANALYZER_NUMBER_OBJECT_CONVERSION = YES_AGGRESSIVE;
				CLANG_CXX_LANGUAGE_STANDARD = "gnu++17";
				CLANG_ENABLE_MODULES = YES;
				CLANG_ENABLE_OBJC_ARC = YES;
				CLANG_ENABLE_OBJC_WEAK = YES;
				CLANG_WARN_BLOCK_CAPTURE_AUTORELEASING = YES;
				CLANG_WARN_BOOL_CONVERSION = YES;
				CLANG_WARN_COMMA = YES;
				CLANG_WARN_CONSTANT_CONVERSION = YES;
				CLANG_WARN_DEPRECATED_OBJC_IMPLEMENTATIONS = YES;
				CLANG_WARN_DIRECT_OBJC_ISA_USAGE = YES_ERROR;
				CLANG_WARN_DOCUMENTATION_COMMENTS = YES;
				CLANG_WARN_EMPTY_BODY = YES;
				CLANG_WARN_ENUM_CONVERSION = YES;
				CLANG_WARN_INFINITE_RECURSION = YES;
				CLANG_WARN_INT_CONVERSION = YES;
				CLANG_WARN_NON_LITERAL_NULL_CONVERSION = YES;
				CLANG_WARN_OBJC_IMPLICIT_RETAIN_SELF = YES;
				CLANG_WARN_OBJC_LITERAL_CONVERSION = YES;
				CLANG_WARN_OBJC_ROOT_CLASS = YES_ERROR;
				CLANG_WARN_QUOTED_INCLUDE_IN_FRAMEWORK_HEADER = YES;
				CLANG_WARN_RANGE_LOOP_ANALYSIS = YES;
				CLANG_WARN_STRICT_PROTOTYPES = YES;
				CLANG_WARN_SUSPICIOUS_MOVE = YES;
				CLANG_WARN_UNGUARDED_AVAILABILITY = YES_AGGRESSIVE;
				CLANG_WARN_UNREACHABLE_CODE = YES;
				CLANG_WARN__DUPLICATE_METHOD_MATCH = YES;
				COPY_PHASE_STRIP = NO;
				DEBUG_INFORMATION_FORMAT = dwarf;
				ENABLE_STRICT_OBJC_MSGSEND = YES;
				ENABLE_TESTABILITY = YES;
				GCC_C_LANGUAGE_STANDARD = gnu11;
				GCC_DYNAMIC_NO_PIC = NO;
				GCC_NO_COMMON_BLOCKS = YES;
				GCC_OPTIMIZATION_LEVEL = 0;
				GCC_PREPROCESSOR_DEFINITIONS = (
					"DEBUG=1",
					"$(inherited)",
				);
				GCC_WARN_64_TO_32_BIT_CONVERSION = YES;
				GCC_WARN_ABOUT_RETURN_TYPE = YES_ERROR;
				GCC_WARN_UNDECLARED_SELECTOR = YES;
				GCC_WARN_UNINITIALIZED_AUTOS = YES_AGGRESSIVE;
				GCC_WARN_UNUSED_FUNCTION = YES;
				GCC_WARN_UNUSED_VARIABLE = YES;
				IPHONEOS_DEPLOYMENT_TARGET = 15.4;
				MTL_ENABLE_DEBUG_INFO = INCLUDE_SOURCE;
				MTL_FAST_MATH = YES;
				ONLY_ACTIVE_ARCH = YES;
				SDKROOT = iphoneos;
				SWIFT_ACTIVE_COMPILATION_CONDITIONS = DEBUG;
				SWIFT_OPTIMIZATION_LEVEL = "-Onone";
			};
			name = Debug;
		};
		69CCDAED281277D8007D661F /* Release */ = {
			isa = XCBuildConfiguration;
			buildSettings = {
				ALWAYS_SEARCH_USER_PATHS = NO;
				CLANG_ANALYZER_NONNULL = YES;
				CLANG_ANALYZER_NUMBER_OBJECT_CONVERSION = YES_AGGRESSIVE;
				CLANG_CXX_LANGUAGE_STANDARD = "gnu++17";
				CLANG_ENABLE_MODULES = YES;
				CLANG_ENABLE_OBJC_ARC = YES;
				CLANG_ENABLE_OBJC_WEAK = YES;
				CLANG_WARN_BLOCK_CAPTURE_AUTORELEASING = YES;
				CLANG_WARN_BOOL_CONVERSION = YES;
				CLANG_WARN_COMMA = YES;
				CLANG_WARN_CONSTANT_CONVERSION = YES;
				CLANG_WARN_DEPRECATED_OBJC_IMPLEMENTATIONS = YES;
				CLANG_WARN_DIRECT_OBJC_ISA_USAGE = YES_ERROR;
				CLANG_WARN_DOCUMENTATION_COMMENTS = YES;
				CLANG_WARN_EMPTY_BODY = YES;
				CLANG_WARN_ENUM_CONVERSION = YES;
				CLANG_WARN_INFINITE_RECURSION = YES;
				CLANG_WARN_INT_CONVERSION = YES;
				CLANG_WARN_NON_LITERAL_NULL_CONVERSION = YES;
				CLANG_WARN_OBJC_IMPLICIT_RETAIN_SELF = YES;
				CLANG_WARN_OBJC_LITERAL_CONVERSION = YES;
				CLANG_WARN_OBJC_ROOT_CLASS = YES_ERROR;
				CLANG_WARN_QUOTED_INCLUDE_IN_FRAMEWORK_HEADER = YES;
				CLANG_WARN_RANGE_LOOP_ANALYSIS = YES;
				CLANG_WARN_STRICT_PROTOTYPES = YES;
				CLANG_WARN_SUSPICIOUS_MOVE = YES;
				CLANG_WARN_UNGUARDED_AVAILABILITY = YES_AGGRESSIVE;
				CLANG_WARN_UNREACHABLE_CODE = YES;
				CLANG_WARN__DUPLICATE_METHOD_MATCH = YES;
				COPY_PHASE_STRIP = NO;
				DEBUG_INFORMATION_FORMAT = "dwarf-with-dsym";
				ENABLE_NS_ASSERTIONS = NO;
				ENABLE_STRICT_OBJC_MSGSEND = YES;
				GCC_C_LANGUAGE_STANDARD = gnu11;
				GCC_NO_COMMON_BLOCKS = YES;
				GCC_WARN_64_TO_32_BIT_CONVERSION = YES;
				GCC_WARN_ABOUT_RETURN_TYPE = YES_ERROR;
				GCC_WARN_UNDECLARED_SELECTOR = YES;
				GCC_WARN_UNINITIALIZED_AUTOS = YES_AGGRESSIVE;
				GCC_WARN_UNUSED_FUNCTION = YES;
				GCC_WARN_UNUSED_VARIABLE = YES;
				IPHONEOS_DEPLOYMENT_TARGET = 15.4;
				MTL_ENABLE_DEBUG_INFO = NO;
				MTL_FAST_MATH = YES;
				SDKROOT = iphoneos;
				SWIFT_COMPILATION_MODE = wholemodule;
				SWIFT_OPTIMIZATION_LEVEL = "-O";
				VALIDATE_PRODUCT = YES;
			};
			name = Release;
		};
		69CCDAEF281277D8007D661F /* Debug */ = {
			isa = XCBuildConfiguration;
			buildSettings = {
				ASSETCATALOG_COMPILER_APPICON_NAME = AppIcon;
				ASSETCATALOG_COMPILER_GLOBAL_ACCENT_COLOR_NAME = AccentColor;
				CODE_SIGN_STYLE = Automatic;
				CURRENT_PROJECT_VERSION = 1;
				DEVELOPMENT_TEAM = 3486SM5N55;
				GENERATE_INFOPLIST_FILE = YES;
				INFOPLIST_FILE = "Hobby Tutorial/Info.plist";
				INFOPLIST_KEY_UIApplicationSupportsIndirectInputEvents = YES;
				INFOPLIST_KEY_UILaunchStoryboardName = LaunchScreen;
				INFOPLIST_KEY_UIMainStoryboardFile = Main;
				INFOPLIST_KEY_UISupportedInterfaceOrientations_iPad = "UIInterfaceOrientationPortrait UIInterfaceOrientationPortraitUpsideDown UIInterfaceOrientationLandscapeLeft UIInterfaceOrientationLandscapeRight";
				INFOPLIST_KEY_UISupportedInterfaceOrientations_iPhone = "UIInterfaceOrientationPortrait UIInterfaceOrientationLandscapeLeft UIInterfaceOrientationLandscapeRight";
				LD_RUNPATH_SEARCH_PATHS = (
					"$(inherited)",
					"@executable_path/Frameworks",
				);
				MARKETING_VERSION = 1.0;
				PRODUCT_BUNDLE_IDENTIFIER = "Training.Hobby-Tutorial";
				PRODUCT_NAME = "$(TARGET_NAME)";
				SWIFT_EMIT_LOC_STRINGS = YES;
				SWIFT_VERSION = 5.0;
				TARGETED_DEVICE_FAMILY = "1,2";
			};
			name = Debug;
		};
		69CCDAF0281277D8007D661F /* Release */ = {
			isa = XCBuildConfiguration;
			buildSettings = {
				ASSETCATALOG_COMPILER_APPICON_NAME = AppIcon;
				ASSETCATALOG_COMPILER_GLOBAL_ACCENT_COLOR_NAME = AccentColor;
				CODE_SIGN_STYLE = Automatic;
				CURRENT_PROJECT_VERSION = 1;
				DEVELOPMENT_TEAM = 3486SM5N55;
				GENERATE_INFOPLIST_FILE = YES;
				INFOPLIST_FILE = "Hobby Tutorial/Info.plist";
				INFOPLIST_KEY_UIApplicationSupportsIndirectInputEvents = YES;
				INFOPLIST_KEY_UILaunchStoryboardName = LaunchScreen;
				INFOPLIST_KEY_UIMainStoryboardFile = Main;
				INFOPLIST_KEY_UISupportedInterfaceOrientations_iPad = "UIInterfaceOrientationPortrait UIInterfaceOrientationPortraitUpsideDown UIInterfaceOrientationLandscapeLeft UIInterfaceOrientationLandscapeRight";
				INFOPLIST_KEY_UISupportedInterfaceOrientations_iPhone = "UIInterfaceOrientationPortrait UIInterfaceOrientationLandscapeLeft UIInterfaceOrientationLandscapeRight";
				LD_RUNPATH_SEARCH_PATHS = (
					"$(inherited)",
					"@executable_path/Frameworks",
				);
				MARKETING_VERSION = 1.0;
				PRODUCT_BUNDLE_IDENTIFIER = "Training.Hobby-Tutorial";
				PRODUCT_NAME = "$(TARGET_NAME)";
				SWIFT_EMIT_LOC_STRINGS = YES;
				SWIFT_VERSION = 5.0;
				TARGETED_DEVICE_FAMILY = "1,2";
			};
			name = Release;
		};
		69CCDAF2281277D8007D661F /* Debug */ = {
			isa = XCBuildConfiguration;
			buildSettings = {
				ALWAYS_EMBED_SWIFT_STANDARD_LIBRARIES = YES;
				BUNDLE_LOADER = "$(TEST_HOST)";
				CODE_SIGN_STYLE = Automatic;
				CURRENT_PROJECT_VERSION = 1;
				DEVELOPMENT_TEAM = 3486SM5N55;
				GENERATE_INFOPLIST_FILE = YES;
				IPHONEOS_DEPLOYMENT_TARGET = 15.4;
				MARKETING_VERSION = 1.0;
				PRODUCT_BUNDLE_IDENTIFIER = "Training.Hobby-TutorialTests";
				PRODUCT_NAME = "$(TARGET_NAME)";
				SWIFT_EMIT_LOC_STRINGS = NO;
				SWIFT_VERSION = 5.0;
				TARGETED_DEVICE_FAMILY = "1,2";
				TEST_HOST = "$(BUILT_PRODUCTS_DIR)/Hobby Tutorial.app/Hobby Tutorial";
			};
			name = Debug;
		};
		69CCDAF3281277D8007D661F /* Release */ = {
			isa = XCBuildConfiguration;
			buildSettings = {
				ALWAYS_EMBED_SWIFT_STANDARD_LIBRARIES = YES;
				BUNDLE_LOADER = "$(TEST_HOST)";
				CODE_SIGN_STYLE = Automatic;
				CURRENT_PROJECT_VERSION = 1;
				DEVELOPMENT_TEAM = 3486SM5N55;
				GENERATE_INFOPLIST_FILE = YES;
				IPHONEOS_DEPLOYMENT_TARGET = 15.4;
				MARKETING_VERSION = 1.0;
				PRODUCT_BUNDLE_IDENTIFIER = "Training.Hobby-TutorialTests";
				PRODUCT_NAME = "$(TARGET_NAME)";
				SWIFT_EMIT_LOC_STRINGS = NO;
				SWIFT_VERSION = 5.0;
				TARGETED_DEVICE_FAMILY = "1,2";
				TEST_HOST = "$(BUILT_PRODUCTS_DIR)/Hobby Tutorial.app/Hobby Tutorial";
			};
			name = Release;
		};
		69CCDAF5281277D8007D661F /* Debug */ = {
			isa = XCBuildConfiguration;
			buildSettings = {
				ALWAYS_EMBED_SWIFT_STANDARD_LIBRARIES = YES;
				CODE_SIGN_STYLE = Automatic;
				CURRENT_PROJECT_VERSION = 1;
				DEVELOPMENT_TEAM = 3486SM5N55;
				GENERATE_INFOPLIST_FILE = YES;
				MARKETING_VERSION = 1.0;
				PRODUCT_BUNDLE_IDENTIFIER = "Training.Hobby-TutorialUITests";
				PRODUCT_NAME = "$(TARGET_NAME)";
				SWIFT_EMIT_LOC_STRINGS = NO;
				SWIFT_VERSION = 5.0;
				TARGETED_DEVICE_FAMILY = "1,2";
				TEST_TARGET_NAME = "Hobby Tutorial";
			};
			name = Debug;
		};
		69CCDAF6281277D8007D661F /* Release */ = {
			isa = XCBuildConfiguration;
			buildSettings = {
				ALWAYS_EMBED_SWIFT_STANDARD_LIBRARIES = YES;
				CODE_SIGN_STYLE = Automatic;
				CURRENT_PROJECT_VERSION = 1;
				DEVELOPMENT_TEAM = 3486SM5N55;
				GENERATE_INFOPLIST_FILE = YES;
				MARKETING_VERSION = 1.0;
				PRODUCT_BUNDLE_IDENTIFIER = "Training.Hobby-TutorialUITests";
				PRODUCT_NAME = "$(TARGET_NAME)";
				SWIFT_EMIT_LOC_STRINGS = NO;
				SWIFT_VERSION = 5.0;
				TARGETED_DEVICE_FAMILY = "1,2";
				TEST_TARGET_NAME = "Hobby Tutorial";
			};
			name = Release;
		};
/* End XCBuildConfiguration section */

/* Begin XCConfigurationList section */
		69CCDABF281277D7007D661F /* Build configuration list for PBXProject "Hobby Tutorial" */ = {
			isa = XCConfigurationList;
			buildConfigurations = (
				69CCDAEC281277D8007D661F /* Debug */,
				69CCDAED281277D8007D661F /* Release */,
			);
			defaultConfigurationIsVisible = 0;
			defaultConfigurationName = Release;
		};
		69CCDAEE281277D8007D661F /* Build configuration list for PBXNativeTarget "Hobby Tutorial" */ = {
			isa = XCConfigurationList;
			buildConfigurations = (
				69CCDAEF281277D8007D661F /* Debug */,
				69CCDAF0281277D8007D661F /* Release */,
			);
			defaultConfigurationIsVisible = 0;
			defaultConfigurationName = Release;
		};
		69CCDAF1281277D8007D661F /* Build configuration list for PBXNativeTarget "Hobby TutorialTests" */ = {
			isa = XCConfigurationList;
			buildConfigurations = (
				69CCDAF2281277D8007D661F /* Debug */,
				69CCDAF3281277D8007D661F /* Release */,
			);
			defaultConfigurationIsVisible = 0;
			defaultConfigurationName = Release;
		};
		69CCDAF4281277D8007D661F /* Build configuration list for PBXNativeTarget "Hobby TutorialUITests" */ = {
			isa = XCConfigurationList;
			buildConfigurations = (
				69CCDAF5281277D8007D661F /* Debug */,
				69CCDAF6281277D8007D661F /* Release */,
			);
			defaultConfigurationIsVisible = 0;
			defaultConfigurationName = Release;
		};
/* End XCConfigurationList section */
	};
	rootObject = 69CCDABC281277D7007D661F /* Project object */;
}
